// !$*UTF8*$!
{
	archiveVersion = 1;
	classes = {
	};
	objectVersion = 56;
	objects = {

/* Begin PBXBuildFile section */
		19974BD72BCBCBE6FE391EAB /* Pods_Picsart_Academy_Assistant.framework in Frameworks */ = {isa = PBXBuildFile; fileRef = B7EC87F84998C1B8DD3EA04C /* Pods_Picsart_Academy_Assistant.framework */; };
		CC1F97E32A1F71D200AEFB3B /* HomeViewController.swift in Sources */ = {isa = PBXBuildFile; fileRef = CC1F97E12A1F71D200AEFB3B /* HomeViewController.swift */; };
		CC1F97E42A1F71D200AEFB3B /* HomeViewController.xib in Resources */ = {isa = PBXBuildFile; fileRef = CC1F97E22A1F71D200AEFB3B /* HomeViewController.xib */; };
		CC36E4D92A14ED9E00D888E4 /* AlertManager.swift in Sources */ = {isa = PBXBuildFile; fileRef = CC36E4D82A14ED9E00D888E4 /* AlertManager.swift */; };
		CC7BF9702A1B925B00D41D37 /* NewPostController.swift in Sources */ = {isa = PBXBuildFile; fileRef = CC7BF96F2A1B925B00D41D37 /* NewPostController.swift */; };
		CC850F222A127E49005B3326 /* WebViewerController.swift in Sources */ = {isa = PBXBuildFile; fileRef = CC850F212A127E49005B3326 /* WebViewerController.swift */; };
		CCAB86E82A1E392100E57E0D /* CustomColorVC.swift in Sources */ = {isa = PBXBuildFile; fileRef = CCAB86E72A1E392100E57E0D /* CustomColorVC.swift */; };
		CCB608F62A17EEDB009B1C83 /* ChatController.swift in Sources */ = {isa = PBXBuildFile; fileRef = CCB608F52A17EEDB009B1C83 /* ChatController.swift */; };
		CCB608F82A17EEE6009B1C83 /* HomeworkController.swift in Sources */ = {isa = PBXBuildFile; fileRef = CCB608F72A17EEE6009B1C83 /* HomeworkController.swift */; };
		CCB608FA2A17EEFB009B1C83 /* ProfileController.swift in Sources */ = {isa = PBXBuildFile; fileRef = CCB608F92A17EEFB009B1C83 /* ProfileController.swift */; };
		CCB608FF2A17F815009B1C83 /* TabBarController.swift in Sources */ = {isa = PBXBuildFile; fileRef = CCB608FE2A17F815009B1C83 /* TabBarController.swift */; };
		CCBA770B2A1655CD00A8B7C1 /* Validator.swift in Sources */ = {isa = PBXBuildFile; fileRef = CCBA770A2A1655CD00A8B7C1 /* Validator.swift */; };
		CCBA770D2A16695300A8B7C1 /* User.swift in Sources */ = {isa = PBXBuildFile; fileRef = CCBA770C2A16695300A8B7C1 /* User.swift */; };
		CCBB941E2A0E991B0035B2EA /* AppDelegate.swift in Sources */ = {isa = PBXBuildFile; fileRef = CCBB941D2A0E991B0035B2EA /* AppDelegate.swift */; };
		CCBB94202A0E991B0035B2EA /* SceneDelegate.swift in Sources */ = {isa = PBXBuildFile; fileRef = CCBB941F2A0E991B0035B2EA /* SceneDelegate.swift */; };
		CCBB94272A0E991C0035B2EA /* Assets.xcassets in Resources */ = {isa = PBXBuildFile; fileRef = CCBB94262A0E991C0035B2EA /* Assets.xcassets */; };
		CCBB942A2A0E991C0035B2EA /* LaunchScreen.storyboard in Resources */ = {isa = PBXBuildFile; fileRef = CCBB94282A0E991C0035B2EA /* LaunchScreen.storyboard */; };
		CCBB94332A0E9A160035B2EA /* ForgotPasswordController.swift in Sources */ = {isa = PBXBuildFile; fileRef = CCBB94322A0E9A160035B2EA /* ForgotPasswordController.swift */; };
		CCBB94352A0E9A220035B2EA /* LoginController.swift in Sources */ = {isa = PBXBuildFile; fileRef = CCBB94342A0E9A220035B2EA /* LoginController.swift */; };
		CCBB94372A0E9A2C0035B2EA /* RegisterController.swift in Sources */ = {isa = PBXBuildFile; fileRef = CCBB94362A0E9A2C0035B2EA /* RegisterController.swift */; };
		CCBB943C2A0EA77C0035B2EA /* AuthHeaderView.swift in Sources */ = {isa = PBXBuildFile; fileRef = CCBB943B2A0EA77C0035B2EA /* AuthHeaderView.swift */; };
		CCBB943E2A0EE6EF0035B2EA /* CustomTextField.swift in Sources */ = {isa = PBXBuildFile; fileRef = CCBB943D2A0EE6EF0035B2EA /* CustomTextField.swift */; };
		CCBB94402A0EEDFE0035B2EA /* CustomButton.swift in Sources */ = {isa = PBXBuildFile; fileRef = CCBB943F2A0EEDFE0035B2EA /* CustomButton.swift */; };
		CCD8DB382A14FE59007265B8 /* AuthService.swift in Sources */ = {isa = PBXBuildFile; fileRef = CCD8DB372A14FE59007265B8 /* AuthService.swift */; };
		CCD8DB3B2A15008A007265B8 /* RegiserUserRequest.swift in Sources */ = {isa = PBXBuildFile; fileRef = CCD8DB3A2A15008A007265B8 /* RegiserUserRequest.swift */; };
		CCD8DB3D2A1516BB007265B8 /* GoogleService-Info.plist in Resources */ = {isa = PBXBuildFile; fileRef = CCD8DB3C2A1516BB007265B8 /* GoogleService-Info.plist */; };
		CCD8DB3F2A151A48007265B8 /* LoginUserRequest.swift in Sources */ = {isa = PBXBuildFile; fileRef = CCD8DB3E2A151A48007265B8 /* LoginUserRequest.swift */; };
/* End PBXBuildFile section */

/* Begin PBXFileReference section */
		9DE69C58A6440922E379423D /* Pods-Picsart-Academy-Assistant.debug.xcconfig */ = {isa = PBXFileReference; includeInIndex = 1; lastKnownFileType = text.xcconfig; name = "Pods-Picsart-Academy-Assistant.debug.xcconfig"; path = "Target Support Files/Pods-Picsart-Academy-Assistant/Pods-Picsart-Academy-Assistant.debug.xcconfig"; sourceTree = "<group>"; };
		A6E39C108DE21DFAC66A1093 /* Pods-Picsart-Academy-Assistant.release.xcconfig */ = {isa = PBXFileReference; includeInIndex = 1; lastKnownFileType = text.xcconfig; name = "Pods-Picsart-Academy-Assistant.release.xcconfig"; path = "Target Support Files/Pods-Picsart-Academy-Assistant/Pods-Picsart-Academy-Assistant.release.xcconfig"; sourceTree = "<group>"; };
		B7EC87F84998C1B8DD3EA04C /* Pods_Picsart_Academy_Assistant.framework */ = {isa = PBXFileReference; explicitFileType = wrapper.framework; includeInIndex = 0; path = Pods_Picsart_Academy_Assistant.framework; sourceTree = BUILT_PRODUCTS_DIR; };
		CC1F97E12A1F71D200AEFB3B /* HomeViewController.swift */ = {isa = PBXFileReference; lastKnownFileType = sourcecode.swift; path = HomeViewController.swift; sourceTree = "<group>"; };
		CC1F97E22A1F71D200AEFB3B /* HomeViewController.xib */ = {isa = PBXFileReference; lastKnownFileType = file.xib; path = HomeViewController.xib; sourceTree = "<group>"; };
		CC36E4D82A14ED9E00D888E4 /* AlertManager.swift */ = {isa = PBXFileReference; lastKnownFileType = sourcecode.swift; path = AlertManager.swift; sourceTree = "<group>"; };
		CC7BF96F2A1B925B00D41D37 /* NewPostController.swift */ = {isa = PBXFileReference; lastKnownFileType = sourcecode.swift; path = NewPostController.swift; sourceTree = "<group>"; };
		CC850F212A127E49005B3326 /* WebViewerController.swift */ = {isa = PBXFileReference; lastKnownFileType = sourcecode.swift; path = WebViewerController.swift; sourceTree = "<group>"; };
		CCAB86E72A1E392100E57E0D /* CustomColorVC.swift */ = {isa = PBXFileReference; lastKnownFileType = sourcecode.swift; path = CustomColorVC.swift; sourceTree = "<group>"; };
		CCB608F52A17EEDB009B1C83 /* ChatController.swift */ = {isa = PBXFileReference; lastKnownFileType = sourcecode.swift; path = ChatController.swift; sourceTree = "<group>"; };
		CCB608F72A17EEE6009B1C83 /* HomeworkController.swift */ = {isa = PBXFileReference; lastKnownFileType = sourcecode.swift; path = HomeworkController.swift; sourceTree = "<group>"; };
		CCB608F92A17EEFB009B1C83 /* ProfileController.swift */ = {isa = PBXFileReference; lastKnownFileType = sourcecode.swift; path = ProfileController.swift; sourceTree = "<group>"; };
		CCB608FE2A17F815009B1C83 /* TabBarController.swift */ = {isa = PBXFileReference; lastKnownFileType = sourcecode.swift; path = TabBarController.swift; sourceTree = "<group>"; };
		CCBA770A2A1655CD00A8B7C1 /* Validator.swift */ = {isa = PBXFileReference; lastKnownFileType = sourcecode.swift; path = Validator.swift; sourceTree = "<group>"; };
		CCBA770C2A16695300A8B7C1 /* User.swift */ = {isa = PBXFileReference; lastKnownFileType = sourcecode.swift; path = User.swift; sourceTree = "<group>"; };
		CCBB941A2A0E991B0035B2EA /* Picsart-Academy-Assistant.app */ = {isa = PBXFileReference; explicitFileType = wrapper.application; includeInIndex = 0; path = "Picsart-Academy-Assistant.app"; sourceTree = BUILT_PRODUCTS_DIR; };
		CCBB941D2A0E991B0035B2EA /* AppDelegate.swift */ = {isa = PBXFileReference; lastKnownFileType = sourcecode.swift; path = AppDelegate.swift; sourceTree = "<group>"; };
		CCBB941F2A0E991B0035B2EA /* SceneDelegate.swift */ = {isa = PBXFileReference; lastKnownFileType = sourcecode.swift; path = SceneDelegate.swift; sourceTree = "<group>"; };
		CCBB94262A0E991C0035B2EA /* Assets.xcassets */ = {isa = PBXFileReference; lastKnownFileType = folder.assetcatalog; path = Assets.xcassets; sourceTree = "<group>"; };
		CCBB94292A0E991C0035B2EA /* Base */ = {isa = PBXFileReference; lastKnownFileType = file.storyboard; name = Base; path = Base.lproj/LaunchScreen.storyboard; sourceTree = "<group>"; };
		CCBB942B2A0E991C0035B2EA /* Info.plist */ = {isa = PBXFileReference; lastKnownFileType = text.plist.xml; path = Info.plist; sourceTree = "<group>"; };
		CCBB94322A0E9A160035B2EA /* ForgotPasswordController.swift */ = {isa = PBXFileReference; lastKnownFileType = sourcecode.swift; path = ForgotPasswordController.swift; sourceTree = "<group>"; };
		CCBB94342A0E9A220035B2EA /* LoginController.swift */ = {isa = PBXFileReference; lastKnownFileType = sourcecode.swift; path = LoginController.swift; sourceTree = "<group>"; };
		CCBB94362A0E9A2C0035B2EA /* RegisterController.swift */ = {isa = PBXFileReference; lastKnownFileType = sourcecode.swift; path = RegisterController.swift; sourceTree = "<group>"; };
		CCBB943B2A0EA77C0035B2EA /* AuthHeaderView.swift */ = {isa = PBXFileReference; lastKnownFileType = sourcecode.swift; path = AuthHeaderView.swift; sourceTree = "<group>"; };
		CCBB943D2A0EE6EF0035B2EA /* CustomTextField.swift */ = {isa = PBXFileReference; lastKnownFileType = sourcecode.swift; path = CustomTextField.swift; sourceTree = "<group>"; };
		CCBB943F2A0EEDFE0035B2EA /* CustomButton.swift */ = {isa = PBXFileReference; lastKnownFileType = sourcecode.swift; path = CustomButton.swift; sourceTree = "<group>"; };
		CCD8DB372A14FE59007265B8 /* AuthService.swift */ = {isa = PBXFileReference; lastKnownFileType = sourcecode.swift; path = AuthService.swift; sourceTree = "<group>"; };
		CCD8DB3A2A15008A007265B8 /* RegiserUserRequest.swift */ = {isa = PBXFileReference; lastKnownFileType = sourcecode.swift; path = RegiserUserRequest.swift; sourceTree = "<group>"; };
		CCD8DB3C2A1516BB007265B8 /* GoogleService-Info.plist */ = {isa = PBXFileReference; fileEncoding = 4; lastKnownFileType = text.plist.xml; path = "GoogleService-Info.plist"; sourceTree = "<group>"; };
		CCD8DB3E2A151A48007265B8 /* LoginUserRequest.swift */ = {isa = PBXFileReference; lastKnownFileType = sourcecode.swift; path = LoginUserRequest.swift; sourceTree = "<group>"; };
/* End PBXFileReference section */

/* Begin PBXFrameworksBuildPhase section */
		CCBB94172A0E991B0035B2EA /* Frameworks */ = {
			isa = PBXFrameworksBuildPhase;
			buildActionMask = 2147483647;
			files = (
				19974BD72BCBCBE6FE391EAB /* Pods_Picsart_Academy_Assistant.framework in Frameworks */,
			);
			runOnlyForDeploymentPostprocessing = 0;
		};
/* End PBXFrameworksBuildPhase section */

/* Begin PBXGroup section */
		5369AEDE0D78C13FBF179EEA /* Frameworks */ = {
			isa = PBXGroup;
			children = (
				B7EC87F84998C1B8DD3EA04C /* Pods_Picsart_Academy_Assistant.framework */,
			);
			name = Frameworks;
			sourceTree = "<group>";
		};
		CC36E4D72A14ED5300D888E4 /* Controllers */ = {
			isa = PBXGroup;
			children = (
				CCBB94342A0E9A220035B2EA /* LoginController.swift */,
				CCBB94362A0E9A2C0035B2EA /* RegisterController.swift */,
				CCBB94322A0E9A160035B2EA /* ForgotPasswordController.swift */,
				CC850F212A127E49005B3326 /* WebViewerController.swift */,
			);
			path = Controllers;
			sourceTree = "<group>";
		};
		CC7BF96E2A1B923600D41D37 /* NewPost */ = {
			isa = PBXGroup;
			children = (
				CC7BF96F2A1B925B00D41D37 /* NewPostController.swift */,
			);
			path = NewPost;
			sourceTree = "<group>";
		};
		CCB608EB2A17EB0F009B1C83 /* LoginAndRegister */ = {
			isa = PBXGroup;
			children = (
				CC36E4D82A14ED9E00D888E4 /* AlertManager.swift */,
				CCD8DB372A14FE59007265B8 /* AuthService.swift */,
				CCBA770A2A1655CD00A8B7C1 /* Validator.swift */,
				CCD8DB392A14FFDD007265B8 /* Models */,
				CC36E4D72A14ED5300D888E4 /* Controllers */,
				CCBB943A2A0E9A5D0035B2EA /* Views */,
			);
			path = LoginAndRegister;
			sourceTree = "<group>";
		};
		CCB608EC2A17EB90009B1C83 /* TabBarHome */ = {
			isa = PBXGroup;
			children = (
				CCB608FE2A17F815009B1C83 /* TabBarController.swift */,
				CCAB86E72A1E392100E57E0D /* CustomColorVC.swift */,
				CCB608F02A17EC98009B1C83 /* Home */,
				CCB608EF2A17EC96009B1C83 /* Chat */,
				CC7BF96E2A1B923600D41D37 /* NewPost */,
				CCB608ED2A17EC8F009B1C83 /* Homework */,
				CCB608EE2A17EC93009B1C83 /* Profile */,
			);
			path = TabBarHome;
			sourceTree = "<group>";
		};
		CCB608ED2A17EC8F009B1C83 /* Homework */ = {
			isa = PBXGroup;
			children = (
				CCB608F72A17EEE6009B1C83 /* HomeworkController.swift */,
			);
			path = Homework;
			sourceTree = "<group>";
		};
		CCB608EE2A17EC93009B1C83 /* Profile */ = {
			isa = PBXGroup;
			children = (
				CCB608F92A17EEFB009B1C83 /* ProfileController.swift */,
			);
			path = Profile;
			sourceTree = "<group>";
		};
		CCB608EF2A17EC96009B1C83 /* Chat */ = {
			isa = PBXGroup;
			children = (
				CCB608F52A17EEDB009B1C83 /* ChatController.swift */,
			);
			path = Chat;
			sourceTree = "<group>";
		};
		CCB608F02A17EC98009B1C83 /* Home */ = {
			isa = PBXGroup;
			children = (
				CC1F97E12A1F71D200AEFB3B /* HomeViewController.swift */,
				CC1F97E22A1F71D200AEFB3B /* HomeViewController.xib */,
			);
			path = Home;
			sourceTree = "<group>";
		};
		CCBB94112A0E991B0035B2EA = {
			isa = PBXGroup;
			children = (
				CCBB941C2A0E991B0035B2EA /* Picsart-Academy-Assistant */,
				CCBB941B2A0E991B0035B2EA /* Products */,
				F8D1D2B37BB33854D7BEAB1F /* Pods */,
				5369AEDE0D78C13FBF179EEA /* Frameworks */,
			);
			sourceTree = "<group>";
		};
		CCBB941B2A0E991B0035B2EA /* Products */ = {
			isa = PBXGroup;
			children = (
				CCBB941A2A0E991B0035B2EA /* Picsart-Academy-Assistant.app */,
			);
			name = Products;
			sourceTree = "<group>";
		};
		CCBB941C2A0E991B0035B2EA /* Picsart-Academy-Assistant */ = {
			isa = PBXGroup;
			children = (
				CCB608EC2A17EB90009B1C83 /* TabBarHome */,
				CCB608EB2A17EB0F009B1C83 /* LoginAndRegister */,
				CCBB94312A0E99E80035B2EA /* Supporting */,
				CCBB942B2A0E991C0035B2EA /* Info.plist */,
			);
			path = "Picsart-Academy-Assistant";
			sourceTree = "<group>";
		};
		CCBB94312A0E99E80035B2EA /* Supporting */ = {
			isa = PBXGroup;
			children = (
				CCBB941D2A0E991B0035B2EA /* AppDelegate.swift */,
				CCBB941F2A0E991B0035B2EA /* SceneDelegate.swift */,
				CCBB94262A0E991C0035B2EA /* Assets.xcassets */,
				CCBB94282A0E991C0035B2EA /* LaunchScreen.storyboard */,
				CCD8DB3C2A1516BB007265B8 /* GoogleService-Info.plist */,
			);
			path = Supporting;
			sourceTree = "<group>";
		};
		CCBB943A2A0E9A5D0035B2EA /* Views */ = {
			isa = PBXGroup;
			children = (
				CCBB943B2A0EA77C0035B2EA /* AuthHeaderView.swift */,
				CCBB943D2A0EE6EF0035B2EA /* CustomTextField.swift */,
				CCBB943F2A0EEDFE0035B2EA /* CustomButton.swift */,
			);
			path = Views;
			sourceTree = "<group>";
		};
		CCD8DB392A14FFDD007265B8 /* Models */ = {
			isa = PBXGroup;
			children = (
				CCD8DB3A2A15008A007265B8 /* RegiserUserRequest.swift */,
				CCD8DB3E2A151A48007265B8 /* LoginUserRequest.swift */,
				CCBA770C2A16695300A8B7C1 /* User.swift */,
			);
			path = Models;
			sourceTree = "<group>";
		};
		F8D1D2B37BB33854D7BEAB1F /* Pods */ = {
			isa = PBXGroup;
			children = (
				9DE69C58A6440922E379423D /* Pods-Picsart-Academy-Assistant.debug.xcconfig */,
				A6E39C108DE21DFAC66A1093 /* Pods-Picsart-Academy-Assistant.release.xcconfig */,
			);
			path = Pods;
			sourceTree = "<group>";
		};
/* End PBXGroup section */

/* Begin PBXNativeTarget section */
		CCBB94192A0E991B0035B2EA /* Picsart-Academy-Assistant */ = {
			isa = PBXNativeTarget;
			buildConfigurationList = CCBB942E2A0E991C0035B2EA /* Build configuration list for PBXNativeTarget "Picsart-Academy-Assistant" */;
			buildPhases = (
				FAEB0351F07FAB483997C0AE /* [CP] Check Pods Manifest.lock */,
				CCBB94162A0E991B0035B2EA /* Sources */,
				CCBB94172A0E991B0035B2EA /* Frameworks */,
				CCBB94182A0E991B0035B2EA /* Resources */,
				B427D9CBC6E54BE2BD96E80A /* [CP] Embed Pods Frameworks */,
			);
			buildRules = (
			);
			dependencies = (
			);
			name = "Picsart-Academy-Assistant";
			productName = "Picsart-Academy-Assistant";
			productReference = CCBB941A2A0E991B0035B2EA /* Picsart-Academy-Assistant.app */;
			productType = "com.apple.product-type.application";
		};
/* End PBXNativeTarget section */

/* Begin PBXProject section */
		CCBB94122A0E991B0035B2EA /* Project object */ = {
			isa = PBXProject;
			attributes = {
				BuildIndependentTargetsInParallel = 1;
				LastSwiftUpdateCheck = 1430;
				LastUpgradeCheck = 1430;
				TargetAttributes = {
					CCBB94192A0E991B0035B2EA = {
						CreatedOnToolsVersion = 14.3;
					};
				};
			};
			buildConfigurationList = CCBB94152A0E991B0035B2EA /* Build configuration list for PBXProject "Picsart-Academy-Assistant" */;
			compatibilityVersion = "Xcode 14.0";
			developmentRegion = en;
			hasScannedForEncodings = 0;
			knownRegions = (
				en,
				Base,
			);
			mainGroup = CCBB94112A0E991B0035B2EA;
			productRefGroup = CCBB941B2A0E991B0035B2EA /* Products */;
			projectDirPath = "";
			projectRoot = "";
			targets = (
				CCBB94192A0E991B0035B2EA /* Picsart-Academy-Assistant */,
			);
		};
/* End PBXProject section */

/* Begin PBXResourcesBuildPhase section */
		CCBB94182A0E991B0035B2EA /* Resources */ = {
			isa = PBXResourcesBuildPhase;
			buildActionMask = 2147483647;
			files = (
				CCBB942A2A0E991C0035B2EA /* LaunchScreen.storyboard in Resources */,
				CCBB94272A0E991C0035B2EA /* Assets.xcassets in Resources */,
				CCD8DB3D2A1516BB007265B8 /* GoogleService-Info.plist in Resources */,
				CC1F97E42A1F71D200AEFB3B /* HomeViewController.xib in Resources */,
			);
			runOnlyForDeploymentPostprocessing = 0;
		};
/* End PBXResourcesBuildPhase section */

/* Begin PBXShellScriptBuildPhase section */
		B427D9CBC6E54BE2BD96E80A /* [CP] Embed Pods Frameworks */ = {
			isa = PBXShellScriptBuildPhase;
			buildActionMask = 2147483647;
			files = (
			);
			inputFileListPaths = (
				"${PODS_ROOT}/Target Support Files/Pods-Picsart-Academy-Assistant/Pods-Picsart-Academy-Assistant-frameworks-${CONFIGURATION}-input-files.xcfilelist",
			);
			name = "[CP] Embed Pods Frameworks";
			outputFileListPaths = (
				"${PODS_ROOT}/Target Support Files/Pods-Picsart-Academy-Assistant/Pods-Picsart-Academy-Assistant-frameworks-${CONFIGURATION}-output-files.xcfilelist",
			);
			runOnlyForDeploymentPostprocessing = 0;
			shellPath = /bin/sh;
			shellScript = "\"${PODS_ROOT}/Target Support Files/Pods-Picsart-Academy-Assistant/Pods-Picsart-Academy-Assistant-frameworks.sh\"\n";
			showEnvVarsInLog = 0;
		};
		FAEB0351F07FAB483997C0AE /* [CP] Check Pods Manifest.lock */ = {
			isa = PBXShellScriptBuildPhase;
			buildActionMask = 2147483647;
			files = (
			);
			inputFileListPaths = (
			);
			inputPaths = (
				"${PODS_PODFILE_DIR_PATH}/Podfile.lock",
				"${PODS_ROOT}/Manifest.lock",
			);
			name = "[CP] Check Pods Manifest.lock";
			outputFileListPaths = (
			);
			outputPaths = (
				"$(DERIVED_FILE_DIR)/Pods-Picsart-Academy-Assistant-checkManifestLockResult.txt",
			);
			runOnlyForDeploymentPostprocessing = 0;
			shellPath = /bin/sh;
			shellScript = "diff \"${PODS_PODFILE_DIR_PATH}/Podfile.lock\" \"${PODS_ROOT}/Manifest.lock\" > /dev/null\nif [ $? != 0 ] ; then\n    # print error to STDERR\n    echo \"error: The sandbox is not in sync with the Podfile.lock. Run 'pod install' or update your CocoaPods installation.\" >&2\n    exit 1\nfi\n# This output is used by Xcode 'outputs' to avoid re-running this script phase.\necho \"SUCCESS\" > \"${SCRIPT_OUTPUT_FILE_0}\"\n";
			showEnvVarsInLog = 0;
		};
/* End PBXShellScriptBuildPhase section */

/* Begin PBXSourcesBuildPhase section */
		CCBB94162A0E991B0035B2EA /* Sources */ = {
			isa = PBXSourcesBuildPhase;
			buildActionMask = 2147483647;
			files = (
				CCBB94332A0E9A160035B2EA /* ForgotPasswordController.swift in Sources */,
				CC36E4D92A14ED9E00D888E4 /* AlertManager.swift in Sources */,
				CCB608FA2A17EEFB009B1C83 /* ProfileController.swift in Sources */,
				CCD8DB382A14FE59007265B8 /* AuthService.swift in Sources */,
				CC7BF9702A1B925B00D41D37 /* NewPostController.swift in Sources */,
				CCBA770D2A16695300A8B7C1 /* User.swift in Sources */,
				CCD8DB3F2A151A48007265B8 /* LoginUserRequest.swift in Sources */,
				CC1F97E32A1F71D200AEFB3B /* HomeViewController.swift in Sources */,
				CCBB94402A0EEDFE0035B2EA /* CustomButton.swift in Sources */,
				CCB608F82A17EEE6009B1C83 /* HomeworkController.swift in Sources */,
				CCBB94372A0E9A2C0035B2EA /* RegisterController.swift in Sources */,
				CCBA770B2A1655CD00A8B7C1 /* Validator.swift in Sources */,
				CCBB941E2A0E991B0035B2EA /* AppDelegate.swift in Sources */,
				CCAB86E82A1E392100E57E0D /* CustomColorVC.swift in Sources */,
				CCBB943E2A0EE6EF0035B2EA /* CustomTextField.swift in Sources */,
				CCB608FF2A17F815009B1C83 /* TabBarController.swift in Sources */,
				CCD8DB3B2A15008A007265B8 /* RegiserUserRequest.swift in Sources */,
				CCBB94202A0E991B0035B2EA /* SceneDelegate.swift in Sources */,
				CCBB94352A0E9A220035B2EA /* LoginController.swift in Sources */,
				CC850F222A127E49005B3326 /* WebViewerController.swift in Sources */,
				CCB608F62A17EEDB009B1C83 /* ChatController.swift in Sources */,
				CCBB943C2A0EA77C0035B2EA /* AuthHeaderView.swift in Sources */,
			);
			runOnlyForDeploymentPostprocessing = 0;
		};
/* End PBXSourcesBuildPhase section */

/* Begin PBXVariantGroup section */
		CCBB94282A0E991C0035B2EA /* LaunchScreen.storyboard */ = {
			isa = PBXVariantGroup;
			children = (
				CCBB94292A0E991C0035B2EA /* Base */,
			);
			name = LaunchScreen.storyboard;
			sourceTree = "<group>";
		};
/* End PBXVariantGroup section */

/* Begin XCBuildConfiguration section */
		CCBB942C2A0E991C0035B2EA /* Debug */ = {
			isa = XCBuildConfiguration;
			buildSettings = {
				ALWAYS_SEARCH_USER_PATHS = NO;
				CLANG_ANALYZER_NONNULL = YES;
				CLANG_ANALYZER_NUMBER_OBJECT_CONVERSION = YES_AGGRESSIVE;
				CLANG_CXX_LANGUAGE_STANDARD = "gnu++20";
				CLANG_ENABLE_MODULES = YES;
				CLANG_ENABLE_OBJC_ARC = YES;
				CLANG_ENABLE_OBJC_WEAK = YES;
				CLANG_WARN_BLOCK_CAPTURE_AUTORELEASING = YES;
				CLANG_WARN_BOOL_CONVERSION = YES;
				CLANG_WARN_COMMA = YES;
				CLANG_WARN_CONSTANT_CONVERSION = YES;
				CLANG_WARN_DEPRECATED_OBJC_IMPLEMENTATIONS = YES;
				CLANG_WARN_DIRECT_OBJC_ISA_USAGE = YES_ERROR;
				CLANG_WARN_DOCUMENTATION_COMMENTS = YES;
				CLANG_WARN_EMPTY_BODY = YES;
				CLANG_WARN_ENUM_CONVERSION = YES;
				CLANG_WARN_INFINITE_RECURSION = YES;
				CLANG_WARN_INT_CONVERSION = YES;
				CLANG_WARN_NON_LITERAL_NULL_CONVERSION = YES;
				CLANG_WARN_OBJC_IMPLICIT_RETAIN_SELF = YES;
				CLANG_WARN_OBJC_LITERAL_CONVERSION = YES;
				CLANG_WARN_OBJC_ROOT_CLASS = YES_ERROR;
				CLANG_WARN_QUOTED_INCLUDE_IN_FRAMEWORK_HEADER = YES;
				CLANG_WARN_RANGE_LOOP_ANALYSIS = YES;
				CLANG_WARN_STRICT_PROTOTYPES = YES;
				CLANG_WARN_SUSPICIOUS_MOVE = YES;
				CLANG_WARN_UNGUARDED_AVAILABILITY = YES_AGGRESSIVE;
				CLANG_WARN_UNREACHABLE_CODE = YES;
				CLANG_WARN__DUPLICATE_METHOD_MATCH = YES;
				COPY_PHASE_STRIP = NO;
				DEBUG_INFORMATION_FORMAT = dwarf;
				ENABLE_STRICT_OBJC_MSGSEND = YES;
				ENABLE_TESTABILITY = YES;
				GCC_C_LANGUAGE_STANDARD = gnu11;
				GCC_DYNAMIC_NO_PIC = NO;
				GCC_NO_COMMON_BLOCKS = YES;
				GCC_OPTIMIZATION_LEVEL = 0;
				GCC_PREPROCESSOR_DEFINITIONS = (
					"DEBUG=1",
					"$(inherited)",
				);
				GCC_WARN_64_TO_32_BIT_CONVERSION = YES;
				GCC_WARN_ABOUT_RETURN_TYPE = YES_ERROR;
				GCC_WARN_UNDECLARED_SELECTOR = YES;
				GCC_WARN_UNINITIALIZED_AUTOS = YES_AGGRESSIVE;
				GCC_WARN_UNUSED_FUNCTION = YES;
				GCC_WARN_UNUSED_VARIABLE = YES;
				IPHONEOS_DEPLOYMENT_TARGET = 16.4;
				MTL_ENABLE_DEBUG_INFO = INCLUDE_SOURCE;
				MTL_FAST_MATH = YES;
				ONLY_ACTIVE_ARCH = YES;
				SDKROOT = iphoneos;
				SWIFT_ACTIVE_COMPILATION_CONDITIONS = DEBUG;
				SWIFT_OPTIMIZATION_LEVEL = "-Onone";
			};
			name = Debug;
		};
		CCBB942D2A0E991C0035B2EA /* Release */ = {
			isa = XCBuildConfiguration;
			buildSettings = {
				ALWAYS_SEARCH_USER_PATHS = NO;
				CLANG_ANALYZER_NONNULL = YES;
				CLANG_ANALYZER_NUMBER_OBJECT_CONVERSION = YES_AGGRESSIVE;
				CLANG_CXX_LANGUAGE_STANDARD = "gnu++20";
				CLANG_ENABLE_MODULES = YES;
				CLANG_ENABLE_OBJC_ARC = YES;
				CLANG_ENABLE_OBJC_WEAK = YES;
				CLANG_WARN_BLOCK_CAPTURE_AUTORELEASING = YES;
				CLANG_WARN_BOOL_CONVERSION = YES;
				CLANG_WARN_COMMA = YES;
				CLANG_WARN_CONSTANT_CONVERSION = YES;
				CLANG_WARN_DEPRECATED_OBJC_IMPLEMENTATIONS = YES;
				CLANG_WARN_DIRECT_OBJC_ISA_USAGE = YES_ERROR;
				CLANG_WARN_DOCUMENTATION_COMMENTS = YES;
				CLANG_WARN_EMPTY_BODY = YES;
				CLANG_WARN_ENUM_CONVERSION = YES;
				CLANG_WARN_INFINITE_RECURSION = YES;
				CLANG_WARN_INT_CONVERSION = YES;
				CLANG_WARN_NON_LITERAL_NULL_CONVERSION = YES;
				CLANG_WARN_OBJC_IMPLICIT_RETAIN_SELF = YES;
				CLANG_WARN_OBJC_LITERAL_CONVERSION = YES;
				CLANG_WARN_OBJC_ROOT_CLASS = YES_ERROR;
				CLANG_WARN_QUOTED_INCLUDE_IN_FRAMEWORK_HEADER = YES;
				CLANG_WARN_RANGE_LOOP_ANALYSIS = YES;
				CLANG_WARN_STRICT_PROTOTYPES = YES;
				CLANG_WARN_SUSPICIOUS_MOVE = YES;
				CLANG_WARN_UNGUARDED_AVAILABILITY = YES_AGGRESSIVE;
				CLANG_WARN_UNREACHABLE_CODE = YES;
				CLANG_WARN__DUPLICATE_METHOD_MATCH = YES;
				COPY_PHASE_STRIP = NO;
				DEBUG_INFORMATION_FORMAT = "dwarf-with-dsym";
				ENABLE_NS_ASSERTIONS = NO;
				ENABLE_STRICT_OBJC_MSGSEND = YES;
				GCC_C_LANGUAGE_STANDARD = gnu11;
				GCC_NO_COMMON_BLOCKS = YES;
				GCC_WARN_64_TO_32_BIT_CONVERSION = YES;
				GCC_WARN_ABOUT_RETURN_TYPE = YES_ERROR;
				GCC_WARN_UNDECLARED_SELECTOR = YES;
				GCC_WARN_UNINITIALIZED_AUTOS = YES_AGGRESSIVE;
				GCC_WARN_UNUSED_FUNCTION = YES;
				GCC_WARN_UNUSED_VARIABLE = YES;
				IPHONEOS_DEPLOYMENT_TARGET = 16.4;
				MTL_ENABLE_DEBUG_INFO = NO;
				MTL_FAST_MATH = YES;
				SDKROOT = iphoneos;
				SWIFT_COMPILATION_MODE = wholemodule;
				SWIFT_OPTIMIZATION_LEVEL = "-O";
				VALIDATE_PRODUCT = YES;
			};
			name = Release;
		};
		CCBB942F2A0E991C0035B2EA /* Debug */ = {
			isa = XCBuildConfiguration;
			baseConfigurationReference = 9DE69C58A6440922E379423D /* Pods-Picsart-Academy-Assistant.debug.xcconfig */;
			buildSettings = {
				ASSETCATALOG_COMPILER_APPICON_NAME = AppIcon;
				ASSETCATALOG_COMPILER_GLOBAL_ACCENT_COLOR_NAME = AccentColor;
				CODE_SIGN_STYLE = Automatic;
				CURRENT_PROJECT_VERSION = 1;
				DEVELOPMENT_TEAM = WS26NXG635;
				GENERATE_INFOPLIST_FILE = YES;
				INFOPLIST_FILE = "Picsart-Academy-Assistant/Info.plist";
				INFOPLIST_KEY_CFBundleDisplayName = "Picsart-Academy-Assistant";
				INFOPLIST_KEY_UIApplicationSupportsIndirectInputEvents = YES;
				INFOPLIST_KEY_UILaunchStoryboardName = LaunchScreen;
				INFOPLIST_KEY_UIRequiresFullScreen = NO;
				INFOPLIST_KEY_UIStatusBarStyle = "";
				INFOPLIST_KEY_UISupportedInterfaceOrientations_iPad = "UIInterfaceOrientationPortrait UIInterfaceOrientationPortraitUpsideDown UIInterfaceOrientationLandscapeLeft UIInterfaceOrientationLandscapeRight";
				INFOPLIST_KEY_UISupportedInterfaceOrientations_iPhone = "UIInterfaceOrientationPortrait UIInterfaceOrientationLandscapeLeft UIInterfaceOrientationLandscapeRight";
				LD_RUNPATH_SEARCH_PATHS = (
					"$(inherited)",
					"@executable_path/Frameworks",
				);
				MARKETING_VERSION = 1.0;
				PRODUCT_BUNDLE_IDENTIFIER = "Picsart-Academy-Assistant";
				PRODUCT_NAME = "$(TARGET_NAME)";
				SWIFT_EMIT_LOC_STRINGS = YES;
				SWIFT_VERSION = 5.0;
				TARGETED_DEVICE_FAMILY = "1,2";
			};
			name = Debug;
		};
		CCBB94302A0E991C0035B2EA /* Release */ = {
			isa = XCBuildConfiguration;
			baseConfigurationReference = A6E39C108DE21DFAC66A1093 /* Pods-Picsart-Academy-Assistant.release.xcconfig */;
			buildSettings = {
				ASSETCATALOG_COMPILER_APPICON_NAME = AppIcon;
				ASSETCATALOG_COMPILER_GLOBAL_ACCENT_COLOR_NAME = AccentColor;
				CODE_SIGN_STYLE = Automatic;
				CURRENT_PROJECT_VERSION = 1;
				DEVELOPMENT_TEAM = WS26NXG635;
				GENERATE_INFOPLIST_FILE = YES;
				INFOPLIST_FILE = "Picsart-Academy-Assistant/Info.plist";
				INFOPLIST_KEY_CFBundleDisplayName = "Picsart-Academy-Assistant";
				INFOPLIST_KEY_UIApplicationSupportsIndirectInputEvents = YES;
				INFOPLIST_KEY_UILaunchStoryboardName = LaunchScreen;
				INFOPLIST_KEY_UIRequiresFullScreen = NO;
				INFOPLIST_KEY_UIStatusBarStyle = "";
				INFOPLIST_KEY_UISupportedInterfaceOrientations_iPad = "UIInterfaceOrientationPortrait UIInterfaceOrientationPortraitUpsideDown UIInterfaceOrientationLandscapeLeft UIInterfaceOrientationLandscapeRight";
				INFOPLIST_KEY_UISupportedInterfaceOrientations_iPhone = "UIInterfaceOrientationPortrait UIInterfaceOrientationLandscapeLeft UIInterfaceOrientationLandscapeRight";
				LD_RUNPATH_SEARCH_PATHS = (
					"$(inherited)",
					"@executable_path/Frameworks",
				);
				MARKETING_VERSION = 1.0;
				PRODUCT_BUNDLE_IDENTIFIER = "Picsart-Academy-Assistant";
				PRODUCT_NAME = "$(TARGET_NAME)";
				SWIFT_EMIT_LOC_STRINGS = YES;
				SWIFT_VERSION = 5.0;
				TARGETED_DEVICE_FAMILY = "1,2";
			};
			name = Release;
		};
/* End XCBuildConfiguration section */

/* Begin XCConfigurationList section */
		CCBB94152A0E991B0035B2EA /* Build configuration list for PBXProject "Picsart-Academy-Assistant" */ = {
			isa = XCConfigurationList;
			buildConfigurations = (
				CCBB942C2A0E991C0035B2EA /* Debug */,
				CCBB942D2A0E991C0035B2EA /* Release */,
			);
			defaultConfigurationIsVisible = 0;
			defaultConfigurationName = Release;
		};
		CCBB942E2A0E991C0035B2EA /* Build configuration list for PBXNativeTarget "Picsart-Academy-Assistant" */ = {
			isa = XCConfigurationList;
			buildConfigurations = (
				CCBB942F2A0E991C0035B2EA /* Debug */,
				CCBB94302A0E991C0035B2EA /* Release */,
			);
			defaultConfigurationIsVisible = 0;
			defaultConfigurationName = Release;
		};
/* End XCConfigurationList section */
	};
	rootObject = CCBB94122A0E991B0035B2EA /* Project object */;
}
